
Microsoft Visual Studio Solution File, Format Version 12.00
# Visual Studio 2013
VisualStudioVersion = 12.0.30501.0
MinimumVisualStudioVersion = 10.0.40219.1
Project("{FAE04EC0-301F-11D3-BF4B-00C04F79EFBC}") = "Zoltu.Versioning", "Zoltu.Versioning\Zoltu.Versioning.csproj", "{D99D17BC-A5C4-493F-ACB6-D0572854CD9D}"
EndProject
Project("{FAE04EC0-301F-11D3-BF4B-00C04F79EFBC}") = "Zoltu.Versioning.Tests", "Zoltu.Versioning.Tests\Zoltu.Versioning.Tests.csproj", "{7DC33EFF-068D-4711-B007-9E2D6AAEEE1A}"
EndProject
Project("{2150E333-8FDC-42A3-9474-1A3956D46DE8}") = ".nuget", ".nuget", "{B414EACB-C825-4761-BAA0-6B6AE39E0A83}"
	ProjectSection(SolutionItems) = preProject
		.nuget\packages.config = .nuget\packages.config
	EndProjectSection
EndProject
Global
	GlobalSection(SolutionConfigurationPlatforms) = preSolution
		Debug|AnyCPU = Debug|AnyCPU
		Release|AnyCPU = Release|AnyCPU
	EndGlobalSection
	GlobalSection(ProjectConfigurationPlatforms) = postSolution
		{D99D17BC-A5C4-493F-ACB6-D0572854CD9D}.Debug|AnyCPU.ActiveCfg = Debug|Any CPU
		{D99D17BC-A5C4-493F-ACB6-D0572854CD9D}.Debug|AnyCPU.Build.0 = Debug|Any CPU
		{D99D17BC-A5C4-493F-ACB6-D0572854CD9D}.Release|AnyCPU.ActiveCfg = Release|Any CPU
		{D99D17BC-A5C4-493F-ACB6-D0572854CD9D}.Release|AnyCPU.Build.0 = Release|Any CPU
		{7DC33EFF-068D-4711-B007-9E2D6AAEEE1A}.Debug|AnyCPU.ActiveCfg = Debug|Any CPU
		{7DC33EFF-068D-4711-B007-9E2D6AAEEE1A}.Debug|AnyCPU.Build.0 = Debug|Any CPU
		{7DC33EFF-068D-4711-B007-9E2D6AAEEE1A}.Release|AnyCPU.ActiveCfg = Release|Any CPU
		{7DC33EFF-068D-4711-B007-9E2D6AAEEE1A}.Release|AnyCPU.Build.0 = Release|Any CPU
	EndGlobalSection
	GlobalSection(SolutionProperties) = preSolution
		HideSolutionNode = FALSE
	EndGlobalSection
EndGlobal
